// !$*UTF8*$!
{
	archiveVersion = 1;
	classes = {
	};
	objectVersion = 50;
	objects = {

/* Begin PBXBuildFile section */
		D58B633723D5836500A5BA8E /* main.swift in Sources */ = {isa = PBXBuildFile; fileRef = D58B633623D5836500A5BA8E /* main.swift */; };
		D58B633E23D591AA00A5BA8E /* Ax.swift in Sources */ = {isa = PBXBuildFile; fileRef = D58B633D23D591AA00A5BA8E /* Ax.swift */; };
		D58B634023D5921500A5BA8E /* Arm.swift in Sources */ = {isa = PBXBuildFile; fileRef = D58B633F23D5921500A5BA8E /* Arm.swift */; };
		D58B634223D5936E00A5BA8E /* Chest.swift in Sources */ = {isa = PBXBuildFile; fileRef = D58B634123D5936E00A5BA8E /* Chest.swift */; };
/* End PBXBuildFile section */

/* Begin PBXCopyFilesBuildPhase section */
		D58B633123D5836500A5BA8E /* CopyFiles */ = {
			isa = PBXCopyFilesBuildPhase;
			buildActionMask = 2147483647;
			dstPath = /usr/share/man/man1/;
			dstSubfolderSpec = 0;
			files = (
			);
			runOnlyForDeploymentPostprocessing = 1;
		};
/* End PBXCopyFilesBuildPhase section */

/* Begin PBXFileReference section */
		D58B633323D5836500A5BA8E /* COMBAT ANTIQUE */ = {isa = PBXFileReference; explicitFileType = "compiled.mach-o.executable"; includeInIndex = 0; path = "COMBAT ANTIQUE"; sourceTree = BUILT_PRODUCTS_DIR; };
		D58B633623D5836500A5BA8E /* main.swift */ = {isa = PBXFileReference; lastKnownFileType = sourcecode.swift; path = main.swift; sourceTree = "<group>"; };
		D58B633D23D591AA00A5BA8E /* Ax.swift */ = {isa = PBXFileReference; lastKnownFileType = sourcecode.swift; path = Ax.swift; sourceTree = "<group>"; };
		D58B633F23D5921500A5BA8E /* Arm.swift */ = {isa = PBXFileReference; lastKnownFileType = sourcecode.swift; path = Arm.swift; sourceTree = "<group>"; };
		D58B634123D5936E00A5BA8E /* Chest.swift */ = {isa = PBXFileReference; lastKnownFileType = sourcecode.swift; path = Chest.swift; sourceTree = "<group>"; };
/* End PBXFileReference section */

/* Begin PBXFrameworksBuildPhase section */
		D58B633023D5836500A5BA8E /* Frameworks */ = {
			isa = PBXFrameworksBuildPhase;
			buildActionMask = 2147483647;
			files = (
			);
			runOnlyForDeploymentPostprocessing = 0;
		};
/* End PBXFrameworksBuildPhase section */

/* Begin PBXGroup section */
		D58B632A23D5836500A5BA8E = {
			isa = PBXGroup;
			children = (
				D58B633523D5836500A5BA8E /* COMBAT ANTIQUE */,
				D58B633423D5836500A5BA8E /* Products */,
			);
			sourceTree = "<group>";
		};
		D58B633423D5836500A5BA8E /* Products */ = {
			isa = PBXGroup;
			children = (
				D58B633323D5836500A5BA8E /* COMBAT ANTIQUE */,
			);
			name = Products;
			sourceTree = "<group>";
		};
		D58B633523D5836500A5BA8E /* COMBAT ANTIQUE */ = {
			isa = PBXGroup;
			children = (
				D58B633623D5836500A5BA8E /* main.swift */,
				D58B633F23D5921500A5BA8E /* Arm.swift */,
				D58B633D23D591AA00A5BA8E /* Ax.swift */,
				D58B634123D5936E00A5BA8E /* Chest.swift */,
			);
			path = "COMBAT ANTIQUE";
			sourceTree = "<group>";
		};
/* End PBXGroup section */

/* Begin PBXNativeTarget section */
		D58B633223D5836500A5BA8E /* COMBAT ANTIQUE */ = {
			isa = PBXNativeTarget;
			buildConfigurationList = D58B633A23D5836500A5BA8E /* Build configuration list for PBXNativeTarget "COMBAT ANTIQUE" */;
			buildPhases = (
				D58B632F23D5836500A5BA8E /* Sources */,
				D58B633023D5836500A5BA8E /* Frameworks */,
				D58B633123D5836500A5BA8E /* CopyFiles */,
			);
			buildRules = (
			);
			dependencies = (
			);
			name = "COMBAT ANTIQUE";
			productName = "COMBAT ANTIQUE";
			productReference = D58B633323D5836500A5BA8E /* COMBAT ANTIQUE */;
			productType = "com.apple.product-type.tool";
		};
/* End PBXNativeTarget section */

/* Begin PBXProject section */
		D58B632B23D5836500A5BA8E /* Project object */ = {
			isa = PBXProject;
			attributes = {
				LastSwiftUpdateCheck = 1130;
				LastUpgradeCheck = 1130;
				ORGANIZATIONNAME = armellelecerf;
				TargetAttributes = {
					D58B633223D5836500A5BA8E = {
						CreatedOnToolsVersion = 11.3.1;
					};
				};
			};
			buildConfigurationList = D58B632E23D5836500A5BA8E /* Build configuration list for PBXProject "COMBAT ANTIQUE" */;
			compatibilityVersion = "Xcode 9.3";
			developmentRegion = en;
			hasScannedForEncodings = 0;
			knownRegions = (
				en,
				Base,
			);
			mainGroup = D58B632A23D5836500A5BA8E;
			productRefGroup = D58B633423D5836500A5BA8E /* Products */;
			projectDirPath = "";
			projectRoot = "";
			targets = (
				D58B633223D5836500A5BA8E /* COMBAT ANTIQUE */,
			);
		};
/* End PBXProject section */

/* Begin PBXSourcesBuildPhase section */
		D58B632F23D5836500A5BA8E /* Sources */ = {
			isa = PBXSourcesBuildPhase;
			buildActionMask = 2147483647;
			files = (
				D58B633E23D591AA00A5BA8E /* Ax.swift in Sources */,
				D58B634223D5936E00A5BA8E /* Chest.swift in Sources */,
				D58B633723D5836500A5BA8E /* main.swift in Sources */,
				D58B634023D5921500A5BA8E /* Arm.swift in Sources */,
			);
			runOnlyForDeploymentPostprocessing = 0;
		};
/* End PBXSourcesBuildPhase section */

/* Begin XCBuildConfiguration section */
		D58B633823D5836500A5BA8E /* Debug */ = {
			isa = XCBuildConfiguration;
			buildSettings = {
				ALWAYS_SEARCH_USER_PATHS = NO;
				CLANG_ANALYZER_NONNULL = YES;
				CLANG_ANALYZER_NUMBER_OBJECT_CONVERSION = YES_AGGRESSIVE;
				CLANG_CXX_LANGUAGE_STANDARD = "gnu++14";
				CLANG_CXX_LIBRARY = "libc++";
				CLANG_ENABLE_MODULES = YES;
				CLANG_ENABLE_OBJC_ARC = YES;
				CLANG_ENABLE_OBJC_WEAK = YES;
				CLANG_WARN_BLOCK_CAPTURE_AUTORELEASING = YES;
				CLANG_WARN_BOOL_CONVERSION = YES;
				CLANG_WARN_COMMA = YES;
				CLANG_WARN_CONSTANT_CONVERSION = YES;
				CLANG_WARN_DEPRECATED_OBJC_IMPLEMENTATIONS = YES;
				CLANG_WARN_DIRECT_OBJC_ISA_USAGE = YES_ERROR;
				CLANG_WARN_DOCUMENTATION_COMMENTS = YES;
				CLANG_WARN_EMPTY_BODY = YES;
				CLANG_WARN_ENUM_CONVERSION = YES;
				CLANG_WARN_INFINITE_RECURSION = YES;
				CLANG_WARN_INT_CONVERSION = YES;
				CLANG_WARN_NON_LITERAL_NULL_CONVERSION = YES;
				CLANG_WARN_OBJC_IMPLICIT_RETAIN_SELF = YES;
				CLANG_WARN_OBJC_LITERAL_CONVERSION = YES;
				CLANG_WARN_OBJC_ROOT_CLASS = YES_ERROR;
				CLANG_WARN_RANGE_LOOP_ANALYSIS = YES;
				CLANG_WARN_STRICT_PROTOTYPES = YES;
				CLANG_WARN_SUSPICIOUS_MOVE = YES;
				CLANG_WARN_UNGUARDED_AVAILABILITY = YES_AGGRESSIVE;
				CLANG_WARN_UNREACHABLE_CODE = YES;
				CLANG_WARN__DUPLICATE_METHOD_MATCH = YES;
				COPY_PHASE_STRIP = NO;
				DEBUG_INFORMATION_FORMAT = dwarf;
				ENABLE_STRICT_OBJC_MSGSEND = YES;
				ENABLE_TESTABILITY = YES;
				GCC_C_LANGUAGE_STANDARD = gnu11;
				GCC_DYNAMIC_NO_PIC = NO;
				GCC_NO_COMMON_BLOCKS = YES;
				GCC_OPTIMIZATION_LEVEL = 0;
				GCC_PREPROCESSOR_DEFINITIONS = (
					"DEBUG=1",
					"$(inherited)",
				);
				GCC_WARN_64_TO_32_BIT_CONVERSION = YES;
				GCC_WARN_ABOUT_RETURN_TYPE = YES_ERROR;
				GCC_WARN_UNDECLARED_SELECTOR = YES;
				GCC_WARN_UNINITIALIZED_AUTOS = YES_AGGRESSIVE;
				GCC_WARN_UNUSED_FUNCTION = YES;
				GCC_WARN_UNUSED_VARIABLE = YES;
				MACOSX_DEPLOYMENT_TARGET = 10.14;
				MTL_ENABLE_DEBUG_INFO = INCLUDE_SOURCE;
				MTL_FAST_MATH = YES;
				ONLY_ACTIVE_ARCH = YES;
				SDKROOT = macosx;
				SWIFT_ACTIVE_COMPILATION_CONDITIONS = DEBUG;
				SWIFT_OPTIMIZATION_LEVEL = "-Onone";
			};
			name = Debug;
		};
		D58B633923D5836500A5BA8E /* Release */ = {
			isa = XCBuildConfiguration;
			buildSettings = {
				ALWAYS_SEARCH_USER_PATHS = NO;
				CLANG_ANALYZER_NONNULL = YES;
				CLANG_ANALYZER_NUMBER_OBJECT_CONVERSION = YES_AGGRESSIVE;
				CLANG_CXX_LANGUAGE_STANDARD = "gnu++14";
				CLANG_CXX_LIBRARY = "libc++";
				CLANG_ENABLE_MODULES = YES;
				CLANG_ENABLE_OBJC_ARC = YES;
				CLANG_ENABLE_OBJC_WEAK = YES;
				CLANG_WARN_BLOCK_CAPTURE_AUTORELEASING = YES;
				CLANG_WARN_BOOL_CONVERSION = YES;
				CLANG_WARN_COMMA = YES;
				CLANG_WARN_CONSTANT_CONVERSION = YES;
				CLANG_WARN_DEPRECATED_OBJC_IMPLEMENTATIONS = YES;
				CLANG_WARN_DIRECT_OBJC_ISA_USAGE = YES_ERROR;
				CLANG_WARN_DOCUMENTATION_COMMENTS = YES;
				CLANG_WARN_EMPTY_BODY = YES;
				CLANG_WARN_ENUM_CONVERSION = YES;
				CLANG_WARN_INFINITE_RECURSION = YES;
				CLANG_WARN_INT_CONVERSION = YES;
				CLANG_WARN_NON_LITERAL_NULL_CONVERSION = YES;
				CLANG_WARN_OBJC_IMPLICIT_RETAIN_SELF = YES;
				CLANG_WARN_OBJC_LITERAL_CONVERSION = YES;
				CLANG_WARN_OBJC_ROOT_CLASS = YES_ERROR;
				CLANG_WARN_RANGE_LOOP_ANALYSIS = YES;
				CLANG_WARN_STRICT_PROTOTYPES = YES;
				CLANG_WARN_SUSPICIOUS_MOVE = YES;
				CLANG_WARN_UNGUARDED_AVAILABILITY = YES_AGGRESSIVE;
				CLANG_WARN_UNREACHABLE_CODE = YES;
				CLANG_WARN__DUPLICATE_METHOD_MATCH = YES;
				COPY_PHASE_STRIP = NO;
				DEBUG_INFORMATION_FORMAT = "dwarf-with-dsym";
				ENABLE_NS_ASSERTIONS = NO;
				ENABLE_STRICT_OBJC_MSGSEND = YES;
				GCC_C_LANGUAGE_STANDARD = gnu11;
				GCC_NO_COMMON_BLOCKS = YES;
				GCC_WARN_64_TO_32_BIT_CONVERSION = YES;
				GCC_WARN_ABOUT_RETURN_TYPE = YES_ERROR;
				GCC_WARN_UNDECLARED_SELECTOR = YES;
				GCC_WARN_UNINITIALIZED_AUTOS = YES_AGGRESSIVE;
				GCC_WARN_UNUSED_FUNCTION = YES;
				GCC_WARN_UNUSED_VARIABLE = YES;
				MACOSX_DEPLOYMENT_TARGET = 10.14;
				MTL_ENABLE_DEBUG_INFO = NO;
				MTL_FAST_MATH = YES;
				SDKROOT = macosx;
				SWIFT_COMPILATION_MODE = wholemodule;
				SWIFT_OPTIMIZATION_LEVEL = "-O";
			};
			name = Release;
		};
		D58B633B23D5836500A5BA8E /* Debug */ = {
			isa = XCBuildConfiguration;
			buildSettings = {
				CODE_SIGN_STYLE = Automatic;
				PRODUCT_NAME = "$(TARGET_NAME)";
				SWIFT_VERSION = 5.0;
			};
			name = Debug;
		};
		D58B633C23D5836500A5BA8E /* Release */ = {
			isa = XCBuildConfiguration;
			buildSettings = {
				CODE_SIGN_STYLE = Automatic;
				PRODUCT_NAME = "$(TARGET_NAME)";
				SWIFT_VERSION = 5.0;
			};
			name = Release;
		};
/* End XCBuildConfiguration section */

/* Begin XCConfigurationList section */
		D58B632E23D5836500A5BA8E /* Build configuration list for PBXProject "COMBAT ANTIQUE" */ = {
			isa = XCConfigurationList;
			buildConfigurations = (
				D58B633823D5836500A5BA8E /* Debug */,
				D58B633923D5836500A5BA8E /* Release */,
			);
			defaultConfigurationIsVisible = 0;
			defaultConfigurationName = Release;
		};
		D58B633A23D5836500A5BA8E /* Build configuration list for PBXNativeTarget "COMBAT ANTIQUE" */ = {
			isa = XCConfigurationList;
			buildConfigurations = (
				D58B633B23D5836500A5BA8E /* Debug */,
				D58B633C23D5836500A5BA8E /* Release */,
			);
			defaultConfigurationIsVisible = 0;
			defaultConfigurationName = Release;
		};
/* End XCConfigurationList section */
	};
	rootObject = D58B632B23D5836500A5BA8E /* Project object */;
}
